// !$*UTF8*$!
{
	archiveVersion = 1;
	classes = {
	};
	objectVersion = 50;
	objects = {

/* Begin PBXBuildFile section */
		DB28A03E2735FB0000031F95 /* MarsNewsListTableViewCell.swift in Sources */ = {isa = PBXBuildFile; fileRef = DB28A03D2735FB0000031F95 /* MarsNewsListTableViewCell.swift */; };
		DB28A0422736227500031F95 /* MarsUtilities.swift in Sources */ = {isa = PBXBuildFile; fileRef = DB28A0412736227500031F95 /* MarsUtilities.swift */; };
		DB609409273B0453000903A2 /* MarsNewDetailViewController.swift in Sources */ = {isa = PBXBuildFile; fileRef = DB609408273B0453000903A2 /* MarsNewDetailViewController.swift */; };
		DB6605C827323D5A003DAE1B /* AppDelegate.swift in Sources */ = {isa = PBXBuildFile; fileRef = DB6605C727323D5A003DAE1B /* AppDelegate.swift */; };
		DB6605CA27323D5A003DAE1B /* SceneDelegate.swift in Sources */ = {isa = PBXBuildFile; fileRef = DB6605C927323D5A003DAE1B /* SceneDelegate.swift */; };
		DB6605CF27323D5A003DAE1B /* Main.storyboard in Resources */ = {isa = PBXBuildFile; fileRef = DB6605CD27323D5A003DAE1B /* Main.storyboard */; };
		DB6605D127323D5C003DAE1B /* Assets.xcassets in Resources */ = {isa = PBXBuildFile; fileRef = DB6605D027323D5C003DAE1B /* Assets.xcassets */; };
		DB6605D427323D5C003DAE1B /* LaunchScreen.storyboard in Resources */ = {isa = PBXBuildFile; fileRef = DB6605D227323D5C003DAE1B /* LaunchScreen.storyboard */; };
		DB6605E627323D92003DAE1B /* MarsRequestManager.swift in Sources */ = {isa = PBXBuildFile; fileRef = DB6605E027323D92003DAE1B /* MarsRequestManager.swift */; };
		DB6605E827323D92003DAE1B /* MarsNewsService.swift in Sources */ = {isa = PBXBuildFile; fileRef = DB6605E227323D92003DAE1B /* MarsNewsService.swift */; };
		DB6605E927323D92003DAE1B /* MarsNews.swift in Sources */ = {isa = PBXBuildFile; fileRef = DB6605E527323D92003DAE1B /* MarsNews.swift */; };
		DB8AE6E2273D05A500C978CC /* MarsTests.swift in Sources */ = {isa = PBXBuildFile; fileRef = DB8AE6E1273D05A500C978CC /* MarsTests.swift */; };
		DB8AE6EC273D063D00C978CC /* SwitchLanTest.swift in Sources */ = {isa = PBXBuildFile; fileRef = DB8AE6EB273D063D00C978CC /* SwitchLanTest.swift */; };
		DBCC4A332733B8590039EF95 /* MarsNewsHomeViewController.swift in Sources */ = {isa = PBXBuildFile; fileRef = DBCC4A322733B8590039EF95 /* MarsNewsHomeViewController.swift */; };
/* End PBXBuildFile section */

/* Begin PBXContainerItemProxy section */
		DB8AE6E4273D05A500C978CC /* PBXContainerItemProxy */ = {
			isa = PBXContainerItemProxy;
			containerPortal = DB6605BC27323D5A003DAE1B /* Project object */;
			proxyType = 1;
			remoteGlobalIDString = DB6605C327323D5A003DAE1B;
			remoteInfo = Mars;
		};
/* End PBXContainerItemProxy section */

/* Begin PBXFileReference section */
		DB28A03D2735FB0000031F95 /* MarsNewsListTableViewCell.swift */ = {isa = PBXFileReference; lastKnownFileType = sourcecode.swift; path = MarsNewsListTableViewCell.swift; sourceTree = "<group>"; };
		DB28A0412736227500031F95 /* MarsUtilities.swift */ = {isa = PBXFileReference; lastKnownFileType = sourcecode.swift; path = MarsUtilities.swift; sourceTree = "<group>"; };
		DB609408273B0453000903A2 /* MarsNewDetailViewController.swift */ = {isa = PBXFileReference; lastKnownFileType = sourcecode.swift; path = MarsNewDetailViewController.swift; sourceTree = "<group>"; };
		DB6605C427323D5A003DAE1B /* Mars.app */ = {isa = PBXFileReference; explicitFileType = wrapper.application; includeInIndex = 0; path = Mars.app; sourceTree = BUILT_PRODUCTS_DIR; };
		DB6605C727323D5A003DAE1B /* AppDelegate.swift */ = {isa = PBXFileReference; lastKnownFileType = sourcecode.swift; path = AppDelegate.swift; sourceTree = "<group>"; };
		DB6605C927323D5A003DAE1B /* SceneDelegate.swift */ = {isa = PBXFileReference; lastKnownFileType = sourcecode.swift; path = SceneDelegate.swift; sourceTree = "<group>"; };
		DB6605CE27323D5A003DAE1B /* Base */ = {isa = PBXFileReference; lastKnownFileType = file.storyboard; name = Base; path = Base.lproj/Main.storyboard; sourceTree = "<group>"; };
		DB6605D027323D5C003DAE1B /* Assets.xcassets */ = {isa = PBXFileReference; lastKnownFileType = folder.assetcatalog; path = Assets.xcassets; sourceTree = "<group>"; };
		DB6605D327323D5C003DAE1B /* Base */ = {isa = PBXFileReference; lastKnownFileType = file.storyboard; name = Base; path = Base.lproj/LaunchScreen.storyboard; sourceTree = "<group>"; };
		DB6605D527323D5C003DAE1B /* Info.plist */ = {isa = PBXFileReference; lastKnownFileType = text.plist.xml; path = Info.plist; sourceTree = "<group>"; };
		DB6605E027323D92003DAE1B /* MarsRequestManager.swift */ = {isa = PBXFileReference; fileEncoding = 4; lastKnownFileType = sourcecode.swift; path = MarsRequestManager.swift; sourceTree = "<group>"; };
		DB6605E227323D92003DAE1B /* MarsNewsService.swift */ = {isa = PBXFileReference; fileEncoding = 4; lastKnownFileType = sourcecode.swift; path = MarsNewsService.swift; sourceTree = "<group>"; };
		DB6605E527323D92003DAE1B /* MarsNews.swift */ = {isa = PBXFileReference; fileEncoding = 4; lastKnownFileType = sourcecode.swift; path = MarsNews.swift; sourceTree = "<group>"; };
		DB8AE6DF273D05A500C978CC /* MarsTests.xctest */ = {isa = PBXFileReference; explicitFileType = wrapper.cfbundle; includeInIndex = 0; path = MarsTests.xctest; sourceTree = BUILT_PRODUCTS_DIR; };
		DB8AE6E1273D05A500C978CC /* MarsTests.swift */ = {isa = PBXFileReference; lastKnownFileType = sourcecode.swift; path = MarsTests.swift; sourceTree = "<group>"; };
		DB8AE6E3273D05A500C978CC /* Info.plist */ = {isa = PBXFileReference; lastKnownFileType = text.plist.xml; path = Info.plist; sourceTree = "<group>"; };
		DB8AE6EB273D063D00C978CC /* SwitchLanTest.swift */ = {isa = PBXFileReference; lastKnownFileType = sourcecode.swift; path = SwitchLanTest.swift; sourceTree = "<group>"; };
		DBCC4A322733B8590039EF95 /* MarsNewsHomeViewController.swift */ = {isa = PBXFileReference; lastKnownFileType = sourcecode.swift; path = MarsNewsHomeViewController.swift; sourceTree = "<group>"; };
/* End PBXFileReference section */

/* Begin PBXFrameworksBuildPhase section */
		DB6605C127323D5A003DAE1B /* Frameworks */ = {
			isa = PBXFrameworksBuildPhase;
			buildActionMask = 2147483647;
			files = (
			);
			runOnlyForDeploymentPostprocessing = 0;
		};
		DB8AE6DC273D05A500C978CC /* Frameworks */ = {
			isa = PBXFrameworksBuildPhase;
			buildActionMask = 2147483647;
			files = (
			);
			runOnlyForDeploymentPostprocessing = 0;
		};
/* End PBXFrameworksBuildPhase section */

/* Begin PBXGroup section */
		DB28A0402736226400031F95 /* Tool */ = {
			isa = PBXGroup;
			children = (
				DB28A0412736227500031F95 /* MarsUtilities.swift */,
			);
			path = Tool;
			sourceTree = "<group>";
		};
		DB6605BB27323D5A003DAE1B = {
			isa = PBXGroup;
			children = (
				DB6605C627323D5A003DAE1B /* Mars */,
				DB8AE6E0273D05A500C978CC /* MarsTests */,
				DB6605C527323D5A003DAE1B /* Products */,
			);
			sourceTree = "<group>";
		};
		DB6605C527323D5A003DAE1B /* Products */ = {
			isa = PBXGroup;
			children = (
				DB6605C427323D5A003DAE1B /* Mars.app */,
				DB8AE6DF273D05A500C978CC /* MarsTests.xctest */,
			);
			name = Products;
			sourceTree = "<group>";
		};
		DB6605C627323D5A003DAE1B /* Mars */ = {
			isa = PBXGroup;
			children = (
				DB28A0402736226400031F95 /* Tool */,
				DB6605EB27323D9B003DAE1B /* ViewController */,
				DB6605DC27323D91003DAE1B /* API */,
				DB6605E427323D92003DAE1B /* Model */,
				DB6605DF27323D92003DAE1B /* Network */,
				DB6605DD27323D91003DAE1B /* Other */,
				DB6605E327323D92003DAE1B /* View */,
				DB6605DE27323D92003DAE1B /* ViewModel */,
				DB6605C727323D5A003DAE1B /* AppDelegate.swift */,
				DB6605C927323D5A003DAE1B /* SceneDelegate.swift */,
				DB6605CD27323D5A003DAE1B /* Main.storyboard */,
				DB6605D027323D5C003DAE1B /* Assets.xcassets */,
				DB6605D227323D5C003DAE1B /* LaunchScreen.storyboard */,
				DB6605D527323D5C003DAE1B /* Info.plist */,
			);
			path = Mars;
			sourceTree = "<group>";
		};
		DB6605DC27323D91003DAE1B /* API */ = {
			isa = PBXGroup;
			children = (
			);
			path = API;
			sourceTree = "<group>";
		};
		DB6605DD27323D91003DAE1B /* Other */ = {
			isa = PBXGroup;
			children = (
			);
			path = Other;
			sourceTree = "<group>";
		};
		DB6605DE27323D92003DAE1B /* ViewModel */ = {
			isa = PBXGroup;
			children = (
			);
			path = ViewModel;
			sourceTree = "<group>";
		};
		DB6605DF27323D92003DAE1B /* Network */ = {
			isa = PBXGroup;
			children = (
				DB6605E027323D92003DAE1B /* MarsRequestManager.swift */,
				DB6605E227323D92003DAE1B /* MarsNewsService.swift */,
			);
			path = Network;
			sourceTree = "<group>";
		};
		DB6605E327323D92003DAE1B /* View */ = {
			isa = PBXGroup;
			children = (
				DB28A03D2735FB0000031F95 /* MarsNewsListTableViewCell.swift */,
			);
			path = View;
			sourceTree = "<group>";
		};
		DB6605E427323D92003DAE1B /* Model */ = {
			isa = PBXGroup;
			children = (
				DB6605E527323D92003DAE1B /* MarsNews.swift */,
			);
			path = Model;
			sourceTree = "<group>";
		};
		DB6605EB27323D9B003DAE1B /* ViewController */ = {
			isa = PBXGroup;
			children = (
				DBCC4A322733B8590039EF95 /* MarsNewsHomeViewController.swift */,
				DB609408273B0453000903A2 /* MarsNewDetailViewController.swift */,
			);
			path = ViewController;
			sourceTree = "<group>";
		};
		DB8AE6E0273D05A500C978CC /* MarsTests */ = {
			isa = PBXGroup;
			children = (
				DB8AE6E1273D05A500C978CC /* MarsTests.swift */,
				DB8AE6E3273D05A500C978CC /* Info.plist */,
				DB8AE6EB273D063D00C978CC /* SwitchLanTest.swift */,
			);
			path = MarsTests;
			sourceTree = "<group>";
		};
/* End PBXGroup section */

/* Begin PBXNativeTarget section */
		DB6605C327323D5A003DAE1B /* Mars */ = {
			isa = PBXNativeTarget;
			buildConfigurationList = DB6605D827323D5C003DAE1B /* Build configuration list for PBXNativeTarget "Mars" */;
			buildPhases = (
				DB6605C027323D5A003DAE1B /* Sources */,
				DB6605C127323D5A003DAE1B /* Frameworks */,
				DB6605C227323D5A003DAE1B /* Resources */,
			);
			buildRules = (
			);
			dependencies = (
			);
			name = Mars;
			productName = Mars;
			productReference = DB6605C427323D5A003DAE1B /* Mars.app */;
			productType = "com.apple.product-type.application";
		};
		DB8AE6DE273D05A500C978CC /* MarsTests */ = {
			isa = PBXNativeTarget;
			buildConfigurationList = DB8AE6E6273D05A500C978CC /* Build configuration list for PBXNativeTarget "MarsTests" */;
			buildPhases = (
				DB8AE6DB273D05A500C978CC /* Sources */,
				DB8AE6DC273D05A500C978CC /* Frameworks */,
				DB8AE6DD273D05A500C978CC /* Resources */,
			);
			buildRules = (
			);
			dependencies = (
				DB8AE6E5273D05A500C978CC /* PBXTargetDependency */,
			);
			name = MarsTests;
			productName = MarsTests;
			productReference = DB8AE6DF273D05A500C978CC /* MarsTests.xctest */;
			productType = "com.apple.product-type.bundle.unit-test";
		};
/* End PBXNativeTarget section */

/* Begin PBXProject section */
		DB6605BC27323D5A003DAE1B /* Project object */ = {
			isa = PBXProject;
			attributes = {
				LastSwiftUpdateCheck = 1230;
				LastUpgradeCheck = 1230;
				TargetAttributes = {
					DB6605C327323D5A003DAE1B = {
						CreatedOnToolsVersion = 12.3;
					};
					DB8AE6DE273D05A500C978CC = {
						CreatedOnToolsVersion = 12.3;
						TestTargetID = DB6605C327323D5A003DAE1B;
					};
				};
			};
			buildConfigurationList = DB6605BF27323D5A003DAE1B /* Build configuration list for PBXProject "Mars" */;
			compatibilityVersion = "Xcode 9.3";
			developmentRegion = en;
			hasScannedForEncodings = 0;
			knownRegions = (
				en,
				Base,
			);
			mainGroup = DB6605BB27323D5A003DAE1B;
			productRefGroup = DB6605C527323D5A003DAE1B /* Products */;
			projectDirPath = "";
			projectRoot = "";
			targets = (
				DB6605C327323D5A003DAE1B /* Mars */,
				DB8AE6DE273D05A500C978CC /* MarsTests */,
			);
		};
/* End PBXProject section */

/* Begin PBXResourcesBuildPhase section */
		DB6605C227323D5A003DAE1B /* Resources */ = {
			isa = PBXResourcesBuildPhase;
			buildActionMask = 2147483647;
			files = (
				DB6605D427323D5C003DAE1B /* LaunchScreen.storyboard in Resources */,
				DB6605D127323D5C003DAE1B /* Assets.xcassets in Resources */,
				DB6605CF27323D5A003DAE1B /* Main.storyboard in Resources */,
			);
			runOnlyForDeploymentPostprocessing = 0;
		};
		DB8AE6DD273D05A500C978CC /* Resources */ = {
			isa = PBXResourcesBuildPhase;
			buildActionMask = 2147483647;
			files = (
			);
			runOnlyForDeploymentPostprocessing = 0;
		};
/* End PBXResourcesBuildPhase section */

/* Begin PBXSourcesBuildPhase section */
		DB6605C027323D5A003DAE1B /* Sources */ = {
			isa = PBXSourcesBuildPhase;
			buildActionMask = 2147483647;
			files = (
				DB28A03E2735FB0000031F95 /* MarsNewsListTableViewCell.swift in Sources */,
				DB6605E827323D92003DAE1B /* MarsNewsService.swift in Sources */,
				DBCC4A332733B8590039EF95 /* MarsNewsHomeViewController.swift in Sources */,
				DB6605C827323D5A003DAE1B /* AppDelegate.swift in Sources */,
				DB609409273B0453000903A2 /* MarsNewDetailViewController.swift in Sources */,
				DB28A0422736227500031F95 /* MarsUtilities.swift in Sources */,
				DB6605E927323D92003DAE1B /* MarsNews.swift in Sources */,
				DB6605E627323D92003DAE1B /* MarsRequestManager.swift in Sources */,
				DB6605CA27323D5A003DAE1B /* SceneDelegate.swift in Sources */,
			);
			runOnlyForDeploymentPostprocessing = 0;
		};
		DB8AE6DB273D05A500C978CC /* Sources */ = {
			isa = PBXSourcesBuildPhase;
			buildActionMask = 2147483647;
			files = (
				DB8AE6E2273D05A500C978CC /* MarsTests.swift in Sources */,
				DB8AE6EC273D063D00C978CC /* SwitchLanTest.swift in Sources */,
			);
			runOnlyForDeploymentPostprocessing = 0;
		};
/* End PBXSourcesBuildPhase section */

/* Begin PBXTargetDependency section */
		DB8AE6E5273D05A500C978CC /* PBXTargetDependency */ = {
			isa = PBXTargetDependency;
			target = DB6605C327323D5A003DAE1B /* Mars */;
			targetProxy = DB8AE6E4273D05A500C978CC /* PBXContainerItemProxy */;
		};
/* End PBXTargetDependency section */

/* Begin PBXVariantGroup section */
		DB6605CD27323D5A003DAE1B /* Main.storyboard */ = {
			isa = PBXVariantGroup;
			children = (
				DB6605CE27323D5A003DAE1B /* Base */,
			);
			name = Main.storyboard;
			sourceTree = "<group>";
		};
		DB6605D227323D5C003DAE1B /* LaunchScreen.storyboard */ = {
			isa = PBXVariantGroup;
			children = (
				DB6605D327323D5C003DAE1B /* Base */,
			);
			name = LaunchScreen.storyboard;
			sourceTree = "<group>";
		};
/* End PBXVariantGroup section */

/* Begin XCBuildConfiguration section */
		DB6605D627323D5C003DAE1B /* Debug */ = {
			isa = XCBuildConfiguration;
			buildSettings = {
				ALWAYS_SEARCH_USER_PATHS = NO;
				CLANG_ANALYZER_NONNULL = YES;
				CLANG_ANALYZER_NUMBER_OBJECT_CONVERSION = YES_AGGRESSIVE;
				CLANG_CXX_LANGUAGE_STANDARD = "gnu++14";
				CLANG_CXX_LIBRARY = "libc++";
				CLANG_ENABLE_MODULES = YES;
				CLANG_ENABLE_OBJC_ARC = YES;
				CLANG_ENABLE_OBJC_WEAK = YES;
				CLANG_WARN_BLOCK_CAPTURE_AUTORELEASING = YES;
				CLANG_WARN_BOOL_CONVERSION = YES;
				CLANG_WARN_COMMA = YES;
				CLANG_WARN_CONSTANT_CONVERSION = YES;
				CLANG_WARN_DEPRECATED_OBJC_IMPLEMENTATIONS = YES;
				CLANG_WARN_DIRECT_OBJC_ISA_USAGE = YES_ERROR;
				CLANG_WARN_DOCUMENTATION_COMMENTS = YES;
				CLANG_WARN_EMPTY_BODY = YES;
				CLANG_WARN_ENUM_CONVERSION = YES;
				CLANG_WARN_INFINITE_RECURSION = YES;
				CLANG_WARN_INT_CONVERSION = YES;
				CLANG_WARN_NON_LITERAL_NULL_CONVERSION = YES;
				CLANG_WARN_OBJC_IMPLICIT_RETAIN_SELF = YES;
				CLANG_WARN_OBJC_LITERAL_CONVERSION = YES;
				CLANG_WARN_OBJC_ROOT_CLASS = YES_ERROR;
				CLANG_WARN_QUOTED_INCLUDE_IN_FRAMEWORK_HEADER = YES;
				CLANG_WARN_RANGE_LOOP_ANALYSIS = YES;
				CLANG_WARN_STRICT_PROTOTYPES = YES;
				CLANG_WARN_SUSPICIOUS_MOVE = YES;
				CLANG_WARN_UNGUARDED_AVAILABILITY = YES_AGGRESSIVE;
				CLANG_WARN_UNREACHABLE_CODE = YES;
				CLANG_WARN__DUPLICATE_METHOD_MATCH = YES;
				COPY_PHASE_STRIP = NO;
				DEBUG_INFORMATION_FORMAT = dwarf;
				ENABLE_STRICT_OBJC_MSGSEND = YES;
				ENABLE_TESTABILITY = YES;
				GCC_C_LANGUAGE_STANDARD = gnu11;
				GCC_DYNAMIC_NO_PIC = NO;
				GCC_NO_COMMON_BLOCKS = YES;
				GCC_OPTIMIZATION_LEVEL = 0;
				GCC_PREPROCESSOR_DEFINITIONS = (
					"DEBUG=1",
					"$(inherited)",
				);
				GCC_WARN_64_TO_32_BIT_CONVERSION = YES;
				GCC_WARN_ABOUT_RETURN_TYPE = YES_ERROR;
				GCC_WARN_UNDECLARED_SELECTOR = YES;
				GCC_WARN_UNINITIALIZED_AUTOS = YES_AGGRESSIVE;
				GCC_WARN_UNUSED_FUNCTION = YES;
				GCC_WARN_UNUSED_VARIABLE = YES;
				IPHONEOS_DEPLOYMENT_TARGET = 14.3;
				MTL_ENABLE_DEBUG_INFO = INCLUDE_SOURCE;
				MTL_FAST_MATH = YES;
				ONLY_ACTIVE_ARCH = YES;
				SDKROOT = iphoneos;
				SWIFT_ACTIVE_COMPILATION_CONDITIONS = DEBUG;
				SWIFT_OPTIMIZATION_LEVEL = "-Onone";
			};
			name = Debug;
		};
		DB6605D727323D5C003DAE1B /* Release */ = {
			isa = XCBuildConfiguration;
			buildSettings = {
				ALWAYS_SEARCH_USER_PATHS = NO;
				CLANG_ANALYZER_NONNULL = YES;
				CLANG_ANALYZER_NUMBER_OBJECT_CONVERSION = YES_AGGRESSIVE;
				CLANG_CXX_LANGUAGE_STANDARD = "gnu++14";
				CLANG_CXX_LIBRARY = "libc++";
				CLANG_ENABLE_MODULES = YES;
				CLANG_ENABLE_OBJC_ARC = YES;
				CLANG_ENABLE_OBJC_WEAK = YES;
				CLANG_WARN_BLOCK_CAPTURE_AUTORELEASING = YES;
				CLANG_WARN_BOOL_CONVERSION = YES;
				CLANG_WARN_COMMA = YES;
				CLANG_WARN_CONSTANT_CONVERSION = YES;
				CLANG_WARN_DEPRECATED_OBJC_IMPLEMENTATIONS = YES;
				CLANG_WARN_DIRECT_OBJC_ISA_USAGE = YES_ERROR;
				CLANG_WARN_DOCUMENTATION_COMMENTS = YES;
				CLANG_WARN_EMPTY_BODY = YES;
				CLANG_WARN_ENUM_CONVERSION = YES;
				CLANG_WARN_INFINITE_RECURSION = YES;
				CLANG_WARN_INT_CONVERSION = YES;
				CLANG_WARN_NON_LITERAL_NULL_CONVERSION = YES;
				CLANG_WARN_OBJC_IMPLICIT_RETAIN_SELF = YES;
				CLANG_WARN_OBJC_LITERAL_CONVERSION = YES;
				CLANG_WARN_OBJC_ROOT_CLASS = YES_ERROR;
				CLANG_WARN_QUOTED_INCLUDE_IN_FRAMEWORK_HEADER = YES;
				CLANG_WARN_RANGE_LOOP_ANALYSIS = YES;
				CLANG_WARN_STRICT_PROTOTYPES = YES;
				CLANG_WARN_SUSPICIOUS_MOVE = YES;
				CLANG_WARN_UNGUARDED_AVAILABILITY = YES_AGGRESSIVE;
				CLANG_WARN_UNREACHABLE_CODE = YES;
				CLANG_WARN__DUPLICATE_METHOD_MATCH = YES;
				COPY_PHASE_STRIP = NO;
				DEBUG_INFORMATION_FORMAT = "dwarf-with-dsym";
				ENABLE_NS_ASSERTIONS = NO;
				ENABLE_STRICT_OBJC_MSGSEND = YES;
				GCC_C_LANGUAGE_STANDARD = gnu11;
				GCC_NO_COMMON_BLOCKS = YES;
				GCC_WARN_64_TO_32_BIT_CONVERSION = YES;
				GCC_WARN_ABOUT_RETURN_TYPE = YES_ERROR;
				GCC_WARN_UNDECLARED_SELECTOR = YES;
				GCC_WARN_UNINITIALIZED_AUTOS = YES_AGGRESSIVE;
				GCC_WARN_UNUSED_FUNCTION = YES;
				GCC_WARN_UNUSED_VARIABLE = YES;
				IPHONEOS_DEPLOYMENT_TARGET = 14.3;
				MTL_ENABLE_DEBUG_INFO = NO;
				MTL_FAST_MATH = YES;
				SDKROOT = iphoneos;
				SWIFT_COMPILATION_MODE = wholemodule;
				SWIFT_OPTIMIZATION_LEVEL = "-O";
				VALIDATE_PRODUCT = YES;
			};
			name = Release;
		};
		DB6605D927323D5C003DAE1B /* Debug */ = {
			isa = XCBuildConfiguration;
			buildSettings = {
				ASSETCATALOG_COMPILER_APPICON_NAME = AppIcon;
				ASSETCATALOG_COMPILER_GLOBAL_ACCENT_COLOR_NAME = AccentColor;
				CODE_SIGN_STYLE = Automatic;
				DEVELOPMENT_TEAM = 39KK4N9CCU;
				INFOPLIST_FILE = Mars/Info.plist;
				LD_RUNPATH_SEARCH_PATHS = (
					"$(inherited)",
					"@executable_path/Frameworks",
				);
				PRODUCT_BUNDLE_IDENTIFIER = JingDong.Mars;
				PRODUCT_NAME = "$(TARGET_NAME)";
				SWIFT_VERSION = 5.0;
				TARGETED_DEVICE_FAMILY = "1,2";
			};
			name = Debug;
		};
		DB6605DA27323D5C003DAE1B /* Release */ = {
			isa = XCBuildConfiguration;
			buildSettings = {
				ASSETCATALOG_COMPILER_APPICON_NAME = AppIcon;
				ASSETCATALOG_COMPILER_GLOBAL_ACCENT_COLOR_NAME = AccentColor;
				CODE_SIGN_STYLE = Automatic;
				DEVELOPMENT_TEAM = 39KK4N9CCU;
				INFOPLIST_FILE = Mars/Info.plist;
				LD_RUNPATH_SEARCH_PATHS = (
					"$(inherited)",
					"@executable_path/Frameworks",
				);
				PRODUCT_BUNDLE_IDENTIFIER = JingDong.Mars;
				PRODUCT_NAME = "$(TARGET_NAME)";
				SWIFT_VERSION = 5.0;
				TARGETED_DEVICE_FAMILY = "1,2";
			};
			name = Release;
		};
		DB8AE6E7273D05A500C978CC /* Debug */ = {
			isa = XCBuildConfiguration;
			buildSettings = {
				BUNDLE_LOADER = "$(TEST_HOST)";
				CODE_SIGN_STYLE = Automatic;
				DEVELOPMENT_TEAM = 39KK4N9CCU;
				INFOPLIST_FILE = MarsTests/Info.plist;
				LD_RUNPATH_SEARCH_PATHS = (
					"$(inherited)",
					"@executable_path/Frameworks",
					"@loader_path/Frameworks",
				);
				PRODUCT_BUNDLE_IDENTIFIER = JingDong.MarsTests;
				PRODUCT_NAME = "$(TARGET_NAME)";
				SWIFT_VERSION = 5.0;
				TARGETED_DEVICE_FAMILY = "1,2";
				TEST_HOST = "$(BUILT_PRODUCTS_DIR)/Mars.app/Mars";
			};
			name = Debug;
		};
		DB8AE6E8273D05A500C978CC /* Release */ = {
			isa = XCBuildConfiguration;
			buildSettings = {
				BUNDLE_LOADER = "$(TEST_HOST)";
				CODE_SIGN_STYLE = Automatic;
				DEVELOPMENT_TEAM = 39KK4N9CCU;
				INFOPLIST_FILE = MarsTests/Info.plist;
				LD_RUNPATH_SEARCH_PATHS = (
					"$(inherited)",
					"@executable_path/Frameworks",
					"@loader_path/Frameworks",
				);
				PRODUCT_BUNDLE_IDENTIFIER = JingDong.MarsTests;
				PRODUCT_NAME = "$(TARGET_NAME)";
				SWIFT_VERSION = 5.0;
				TARGETED_DEVICE_FAMILY = "1,2";
				TEST_HOST = "$(BUILT_PRODUCTS_DIR)/Mars.app/Mars";
			};
			name = Release;
		};
/* End XCBuildConfiguration section */

/* Begin XCConfigurationList section */
		DB6605BF27323D5A003DAE1B /* Build configuration list for PBXProject "Mars" */ = {
			isa = XCConfigurationList;
			buildConfigurations = (
				DB6605D627323D5C003DAE1B /* Debug */,
				DB6605D727323D5C003DAE1B /* Release */,
			);
			defaultConfigurationIsVisible = 0;
			defaultConfigurationName = Release;
		};
		DB6605D827323D5C003DAE1B /* Build configuration list for PBXNativeTarget "Mars" */ = {
			isa = XCConfigurationList;
			buildConfigurations = (
				DB6605D927323D5C003DAE1B /* Debug */,
				DB6605DA27323D5C003DAE1B /* Release */,
			);
			defaultConfigurationIsVisible = 0;
			defaultConfigurationName = Release;
		};
		DB8AE6E6273D05A500C978CC /* Build configuration list for PBXNativeTarget "MarsTests" */ = {
			isa = XCConfigurationList;
			buildConfigurations = (
				DB8AE6E7273D05A500C978CC /* Debug */,
				DB8AE6E8273D05A500C978CC /* Release */,
			);
			defaultConfigurationIsVisible = 0;
			defaultConfigurationName = Release;
		};
/* End XCConfigurationList section */
	};
	rootObject = DB6605BC27323D5A003DAE1B /* Project object */;
}
