// !$*UTF8*$!
{
	archiveVersion = 1;
	classes = {
	};
	objectVersion = 50;
	objects = {

/* Begin PBXBuildFile section */
		DB28A05527362A4B00031F95 /* AppDelegate.swift in Sources */ = {isa = PBXBuildFile; fileRef = DB28A05427362A4B00031F95 /* AppDelegate.swift */; };
		DB28A05727362A4B00031F95 /* SceneDelegate.swift in Sources */ = {isa = PBXBuildFile; fileRef = DB28A05627362A4B00031F95 /* SceneDelegate.swift */; };
		DB28A05927362A4B00031F95 /* ViewController.swift in Sources */ = {isa = PBXBuildFile; fileRef = DB28A05827362A4B00031F95 /* ViewController.swift */; };
		DB28A05C27362A4B00031F95 /* Main.storyboard in Resources */ = {isa = PBXBuildFile; fileRef = DB28A05A27362A4B00031F95 /* Main.storyboard */; };
		DB28A05E27362A4D00031F95 /* Assets.xcassets in Resources */ = {isa = PBXBuildFile; fileRef = DB28A05D27362A4D00031F95 /* Assets.xcassets */; };
		DB28A06127362A4D00031F95 /* LaunchScreen.storyboard in Resources */ = {isa = PBXBuildFile; fileRef = DB28A05F27362A4D00031F95 /* LaunchScreen.storyboard */; };
		DB28A06F27362B2100031F95 /* APIClient.swift in Sources */ = {isa = PBXBuildFile; fileRef = DB28A06E27362B2100031F95 /* APIClient.swift */; };
		DB28A07327362C4C00031F95 /* User.swift in Sources */ = {isa = PBXBuildFile; fileRef = DB28A07227362C4C00031F95 /* User.swift */; };
		DB2CE80A273630EB009441F5 /* UserListTableViewCell.swift in Sources */ = {isa = PBXBuildFile; fileRef = DB2CE809273630EA009441F5 /* UserListTableViewCell.swift */; };
		DB2CE80D2736534F009441F5 /* UserDetailViewController.swift in Sources */ = {isa = PBXBuildFile; fileRef = DB2CE80C2736534F009441F5 /* UserDetailViewController.swift */; };
/* End PBXBuildFile section */

/* Begin PBXFileReference section */
		DB28A05127362A4B00031F95 /* UserTest.app */ = {isa = PBXFileReference; explicitFileType = wrapper.application; includeInIndex = 0; path = UserTest.app; sourceTree = BUILT_PRODUCTS_DIR; };
		DB28A05427362A4B00031F95 /* AppDelegate.swift */ = {isa = PBXFileReference; lastKnownFileType = sourcecode.swift; path = AppDelegate.swift; sourceTree = "<group>"; };
		DB28A05627362A4B00031F95 /* SceneDelegate.swift */ = {isa = PBXFileReference; lastKnownFileType = sourcecode.swift; path = SceneDelegate.swift; sourceTree = "<group>"; };
		DB28A05827362A4B00031F95 /* ViewController.swift */ = {isa = PBXFileReference; lastKnownFileType = sourcecode.swift; path = ViewController.swift; sourceTree = "<group>"; };
		DB28A05B27362A4B00031F95 /* Base */ = {isa = PBXFileReference; lastKnownFileType = file.storyboard; name = Base; path = Base.lproj/Main.storyboard; sourceTree = "<group>"; };
		DB28A05D27362A4D00031F95 /* Assets.xcassets */ = {isa = PBXFileReference; lastKnownFileType = folder.assetcatalog; path = Assets.xcassets; sourceTree = "<group>"; };
		DB28A06027362A4D00031F95 /* Base */ = {isa = PBXFileReference; lastKnownFileType = file.storyboard; name = Base; path = Base.lproj/LaunchScreen.storyboard; sourceTree = "<group>"; };
		DB28A06227362A4D00031F95 /* Info.plist */ = {isa = PBXFileReference; lastKnownFileType = text.plist.xml; path = Info.plist; sourceTree = "<group>"; };
		DB28A06E27362B2100031F95 /* APIClient.swift */ = {isa = PBXFileReference; lastKnownFileType = sourcecode.swift; path = APIClient.swift; sourceTree = "<group>"; };
		DB28A07227362C4C00031F95 /* User.swift */ = {isa = PBXFileReference; lastKnownFileType = sourcecode.swift; path = User.swift; sourceTree = "<group>"; };
		DB2CE809273630EA009441F5 /* UserListTableViewCell.swift */ = {isa = PBXFileReference; lastKnownFileType = sourcecode.swift; path = UserListTableViewCell.swift; sourceTree = "<group>"; };
		DB2CE80C2736534F009441F5 /* UserDetailViewController.swift */ = {isa = PBXFileReference; lastKnownFileType = sourcecode.swift; path = UserDetailViewController.swift; sourceTree = "<group>"; };
/* End PBXFileReference section */

/* Begin PBXFrameworksBuildPhase section */
		DB28A04E27362A4B00031F95 /* Frameworks */ = {
			isa = PBXFrameworksBuildPhase;
			buildActionMask = 2147483647;
			files = (
			);
			runOnlyForDeploymentPostprocessing = 0;
		};
/* End PBXFrameworksBuildPhase section */

/* Begin PBXGroup section */
		DB28A04827362A4A00031F95 = {
			isa = PBXGroup;
			children = (
				DB28A05327362A4B00031F95 /* UserTest */,
				DB28A05227362A4B00031F95 /* Products */,
			);
			sourceTree = "<group>";
		};
		DB28A05227362A4B00031F95 /* Products */ = {
			isa = PBXGroup;
			children = (
				DB28A05127362A4B00031F95 /* UserTest.app */,
			);
			name = Products;
			sourceTree = "<group>";
		};
		DB28A05327362A4B00031F95 /* UserTest */ = {
			isa = PBXGroup;
			children = (
				DB28A06D27362B0800031F95 /* APIRequest */,
				DB28A06C27362AF800031F95 /* Tool */,
				DB28A06B27362AF300031F95 /* View */,
				DB28A06A27362AE800031F95 /* ViewController */,
				DB28A06927362AE400031F95 /* Model */,
				DB28A05427362A4B00031F95 /* AppDelegate.swift */,
				DB28A05627362A4B00031F95 /* SceneDelegate.swift */,
				DB28A05A27362A4B00031F95 /* Main.storyboard */,
				DB28A05D27362A4D00031F95 /* Assets.xcassets */,
				DB28A05F27362A4D00031F95 /* LaunchScreen.storyboard */,
				DB28A06227362A4D00031F95 /* Info.plist */,
			);
			path = UserTest;
			sourceTree = "<group>";
		};
		DB28A06927362AE400031F95 /* Model */ = {
			isa = PBXGroup;
			children = (
				DB28A07227362C4C00031F95 /* User.swift */,
			);
			path = Model;
			sourceTree = "<group>";
		};
		DB28A06A27362AE800031F95 /* ViewController */ = {
			isa = PBXGroup;
			children = (
				DB28A05827362A4B00031F95 /* ViewController.swift */,
				DB2CE80C2736534F009441F5 /* UserDetailViewController.swift */,
			);
			path = ViewController;
			sourceTree = "<group>";
		};
		DB28A06B27362AF300031F95 /* View */ = {
			isa = PBXGroup;
			children = (
				DB2CE809273630EA009441F5 /* UserListTableViewCell.swift */,
			);
			path = View;
			sourceTree = "<group>";
		};
		DB28A06C27362AF800031F95 /* Tool */ = {
			isa = PBXGroup;
			children = (
			);
			path = Tool;
			sourceTree = "<group>";
		};
		DB28A06D27362B0800031F95 /* APIRequest */ = {
			isa = PBXGroup;
			children = (
				DB28A06E27362B2100031F95 /* APIClient.swift */,
			);
			path = APIRequest;
			sourceTree = "<group>";
		};
/* End PBXGroup section */

/* Begin PBXNativeTarget section */
		DB28A05027362A4B00031F95 /* UserTest */ = {
			isa = PBXNativeTarget;
			buildConfigurationList = DB28A06527362A4D00031F95 /* Build configuration list for PBXNativeTarget "UserTest" */;
			buildPhases = (
				DB28A04D27362A4B00031F95 /* Sources */,
				DB28A04E27362A4B00031F95 /* Frameworks */,
				DB28A04F27362A4B00031F95 /* Resources */,
			);
			buildRules = (
			);
			dependencies = (
			);
			name = UserTest;
			productName = UserTest;
			productReference = DB28A05127362A4B00031F95 /* UserTest.app */;
			productType = "com.apple.product-type.application";
		};
/* End PBXNativeTarget section */

/* Begin PBXProject section */
		DB28A04927362A4B00031F95 /* Project object */ = {
			isa = PBXProject;
			attributes = {
				LastSwiftUpdateCheck = 1230;
				LastUpgradeCheck = 1230;
				TargetAttributes = {
					DB28A05027362A4B00031F95 = {
						CreatedOnToolsVersion = 12.3;
					};
				};
			};
			buildConfigurationList = DB28A04C27362A4B00031F95 /* Build configuration list for PBXProject "UserTest" */;
			compatibilityVersion = "Xcode 9.3";
			developmentRegion = en;
			hasScannedForEncodings = 0;
			knownRegions = (
				en,
				Base,
			);
			mainGroup = DB28A04827362A4A00031F95;
			productRefGroup = DB28A05227362A4B00031F95 /* Products */;
			projectDirPath = "";
			projectRoot = "";
			targets = (
				DB28A05027362A4B00031F95 /* UserTest */,
			);
		};
/* End PBXProject section */

/* Begin PBXResourcesBuildPhase section */
		DB28A04F27362A4B00031F95 /* Resources */ = {
			isa = PBXResourcesBuildPhase;
			buildActionMask = 2147483647;
			files = (
				DB28A06127362A4D00031F95 /* LaunchScreen.storyboard in Resources */,
				DB28A05E27362A4D00031F95 /* Assets.xcassets in Resources */,
				DB28A05C27362A4B00031F95 /* Main.storyboard in Resources */,
			);
			runOnlyForDeploymentPostprocessing = 0;
		};
/* End PBXResourcesBuildPhase section */

/* Begin PBXSourcesBuildPhase section */
		DB28A04D27362A4B00031F95 /* Sources */ = {
			isa = PBXSourcesBuildPhase;
			buildActionMask = 2147483647;
			files = (
				DB28A05927362A4B00031F95 /* ViewController.swift in Sources */,
				DB28A05527362A4B00031F95 /* AppDelegate.swift in Sources */,
				DB2CE80D2736534F009441F5 /* UserDetailViewController.swift in Sources */,
				DB28A05727362A4B00031F95 /* SceneDelegate.swift in Sources */,
				DB28A07327362C4C00031F95 /* User.swift in Sources */,
				DB28A06F27362B2100031F95 /* APIClient.swift in Sources */,
				DB2CE80A273630EB009441F5 /* UserListTableViewCell.swift in Sources */,
			);
			runOnlyForDeploymentPostprocessing = 0;
		};
/* End PBXSourcesBuildPhase section */

/* Begin PBXVariantGroup section */
		DB28A05A27362A4B00031F95 /* Main.storyboard */ = {
			isa = PBXVariantGroup;
			children = (
				DB28A05B27362A4B00031F95 /* Base */,
			);
			name = Main.storyboard;
			sourceTree = "<group>";
		};
		DB28A05F27362A4D00031F95 /* LaunchScreen.storyboard */ = {
			isa = PBXVariantGroup;
			children = (
				DB28A06027362A4D00031F95 /* Base */,
			);
			name = LaunchScreen.storyboard;
			sourceTree = "<group>";
		};
/* End PBXVariantGroup section */

/* Begin XCBuildConfiguration section */
		DB28A06327362A4D00031F95 /* Debug */ = {
			isa = XCBuildConfiguration;
			buildSettings = {
				ALWAYS_SEARCH_USER_PATHS = NO;
				CLANG_ANALYZER_NONNULL = YES;
				CLANG_ANALYZER_NUMBER_OBJECT_CONVERSION = YES_AGGRESSIVE;
				CLANG_CXX_LANGUAGE_STANDARD = "gnu++14";
				CLANG_CXX_LIBRARY = "libc++";
				CLANG_ENABLE_MODULES = YES;
				CLANG_ENABLE_OBJC_ARC = YES;
				CLANG_ENABLE_OBJC_WEAK = YES;
				CLANG_WARN_BLOCK_CAPTURE_AUTORELEASING = YES;
				CLANG_WARN_BOOL_CONVERSION = YES;
				CLANG_WARN_COMMA = YES;
				CLANG_WARN_CONSTANT_CONVERSION = YES;
				CLANG_WARN_DEPRECATED_OBJC_IMPLEMENTATIONS = YES;
				CLANG_WARN_DIRECT_OBJC_ISA_USAGE = YES_ERROR;
				CLANG_WARN_DOCUMENTATION_COMMENTS = YES;
				CLANG_WARN_EMPTY_BODY = YES;
				CLANG_WARN_ENUM_CONVERSION = YES;
				CLANG_WARN_INFINITE_RECURSION = YES;
				CLANG_WARN_INT_CONVERSION = YES;
				CLANG_WARN_NON_LITERAL_NULL_CONVERSION = YES;
				CLANG_WARN_OBJC_IMPLICIT_RETAIN_SELF = YES;
				CLANG_WARN_OBJC_LITERAL_CONVERSION = YES;
				CLANG_WARN_OBJC_ROOT_CLASS = YES_ERROR;
				CLANG_WARN_QUOTED_INCLUDE_IN_FRAMEWORK_HEADER = YES;
				CLANG_WARN_RANGE_LOOP_ANALYSIS = YES;
				CLANG_WARN_STRICT_PROTOTYPES = YES;
				CLANG_WARN_SUSPICIOUS_MOVE = YES;
				CLANG_WARN_UNGUARDED_AVAILABILITY = YES_AGGRESSIVE;
				CLANG_WARN_UNREACHABLE_CODE = YES;
				CLANG_WARN__DUPLICATE_METHOD_MATCH = YES;
				COPY_PHASE_STRIP = NO;
				DEBUG_INFORMATION_FORMAT = dwarf;
				ENABLE_STRICT_OBJC_MSGSEND = YES;
				ENABLE_TESTABILITY = YES;
				GCC_C_LANGUAGE_STANDARD = gnu11;
				GCC_DYNAMIC_NO_PIC = NO;
				GCC_NO_COMMON_BLOCKS = YES;
				GCC_OPTIMIZATION_LEVEL = 0;
				GCC_PREPROCESSOR_DEFINITIONS = (
					"DEBUG=1",
					"$(inherited)",
				);
				GCC_WARN_64_TO_32_BIT_CONVERSION = YES;
				GCC_WARN_ABOUT_RETURN_TYPE = YES_ERROR;
				GCC_WARN_UNDECLARED_SELECTOR = YES;
				GCC_WARN_UNINITIALIZED_AUTOS = YES_AGGRESSIVE;
				GCC_WARN_UNUSED_FUNCTION = YES;
				GCC_WARN_UNUSED_VARIABLE = YES;
				IPHONEOS_DEPLOYMENT_TARGET = 14.3;
				MTL_ENABLE_DEBUG_INFO = INCLUDE_SOURCE;
				MTL_FAST_MATH = YES;
				ONLY_ACTIVE_ARCH = YES;
				SDKROOT = iphoneos;
				SWIFT_ACTIVE_COMPILATION_CONDITIONS = DEBUG;
				SWIFT_OPTIMIZATION_LEVEL = "-Onone";
			};
			name = Debug;
		};
		DB28A06427362A4D00031F95 /* Release */ = {
			isa = XCBuildConfiguration;
			buildSettings = {
				ALWAYS_SEARCH_USER_PATHS = NO;
				CLANG_ANALYZER_NONNULL = YES;
				CLANG_ANALYZER_NUMBER_OBJECT_CONVERSION = YES_AGGRESSIVE;
				CLANG_CXX_LANGUAGE_STANDARD = "gnu++14";
				CLANG_CXX_LIBRARY = "libc++";
				CLANG_ENABLE_MODULES = YES;
				CLANG_ENABLE_OBJC_ARC = YES;
				CLANG_ENABLE_OBJC_WEAK = YES;
				CLANG_WARN_BLOCK_CAPTURE_AUTORELEASING = YES;
				CLANG_WARN_BOOL_CONVERSION = YES;
				CLANG_WARN_COMMA = YES;
				CLANG_WARN_CONSTANT_CONVERSION = YES;
				CLANG_WARN_DEPRECATED_OBJC_IMPLEMENTATIONS = YES;
				CLANG_WARN_DIRECT_OBJC_ISA_USAGE = YES_ERROR;
				CLANG_WARN_DOCUMENTATION_COMMENTS = YES;
				CLANG_WARN_EMPTY_BODY = YES;
				CLANG_WARN_ENUM_CONVERSION = YES;
				CLANG_WARN_INFINITE_RECURSION = YES;
				CLANG_WARN_INT_CONVERSION = YES;
				CLANG_WARN_NON_LITERAL_NULL_CONVERSION = YES;
				CLANG_WARN_OBJC_IMPLICIT_RETAIN_SELF = YES;
				CLANG_WARN_OBJC_LITERAL_CONVERSION = YES;
				CLANG_WARN_OBJC_ROOT_CLASS = YES_ERROR;
				CLANG_WARN_QUOTED_INCLUDE_IN_FRAMEWORK_HEADER = YES;
				CLANG_WARN_RANGE_LOOP_ANALYSIS = YES;
				CLANG_WARN_STRICT_PROTOTYPES = YES;
				CLANG_WARN_SUSPICIOUS_MOVE = YES;
				CLANG_WARN_UNGUARDED_AVAILABILITY = YES_AGGRESSIVE;
				CLANG_WARN_UNREACHABLE_CODE = YES;
				CLANG_WARN__DUPLICATE_METHOD_MATCH = YES;
				COPY_PHASE_STRIP = NO;
				DEBUG_INFORMATION_FORMAT = "dwarf-with-dsym";
				ENABLE_NS_ASSERTIONS = NO;
				ENABLE_STRICT_OBJC_MSGSEND = YES;
				GCC_C_LANGUAGE_STANDARD = gnu11;
				GCC_NO_COMMON_BLOCKS = YES;
				GCC_WARN_64_TO_32_BIT_CONVERSION = YES;
				GCC_WARN_ABOUT_RETURN_TYPE = YES_ERROR;
				GCC_WARN_UNDECLARED_SELECTOR = YES;
				GCC_WARN_UNINITIALIZED_AUTOS = YES_AGGRESSIVE;
				GCC_WARN_UNUSED_FUNCTION = YES;
				GCC_WARN_UNUSED_VARIABLE = YES;
				IPHONEOS_DEPLOYMENT_TARGET = 14.3;
				MTL_ENABLE_DEBUG_INFO = NO;
				MTL_FAST_MATH = YES;
				SDKROOT = iphoneos;
				SWIFT_COMPILATION_MODE = wholemodule;
				SWIFT_OPTIMIZATION_LEVEL = "-O";
				VALIDATE_PRODUCT = YES;
			};
			name = Release;
		};
		DB28A06627362A4D00031F95 /* Debug */ = {
			isa = XCBuildConfiguration;
			buildSettings = {
				ASSETCATALOG_COMPILER_APPICON_NAME = AppIcon;
				ASSETCATALOG_COMPILER_GLOBAL_ACCENT_COLOR_NAME = AccentColor;
				CODE_SIGN_STYLE = Automatic;
				DEVELOPMENT_TEAM = 39KK4N9CCU;
				INFOPLIST_FILE = UserTest/Info.plist;
				LD_RUNPATH_SEARCH_PATHS = (
					"$(inherited)",
					"@executable_path/Frameworks",
				);
				PRODUCT_BUNDLE_IDENTIFIER = JingDong.UserTest;
				PRODUCT_NAME = "$(TARGET_NAME)";
				SWIFT_VERSION = 5.0;
				TARGETED_DEVICE_FAMILY = "1,2";
			};
			name = Debug;
		};
		DB28A06727362A4D00031F95 /* Release */ = {
			isa = XCBuildConfiguration;
			buildSettings = {
				ASSETCATALOG_COMPILER_APPICON_NAME = AppIcon;
				ASSETCATALOG_COMPILER_GLOBAL_ACCENT_COLOR_NAME = AccentColor;
				CODE_SIGN_STYLE = Automatic;
				DEVELOPMENT_TEAM = 39KK4N9CCU;
				INFOPLIST_FILE = UserTest/Info.plist;
				LD_RUNPATH_SEARCH_PATHS = (
					"$(inherited)",
					"@executable_path/Frameworks",
				);
				PRODUCT_BUNDLE_IDENTIFIER = JingDong.UserTest;
				PRODUCT_NAME = "$(TARGET_NAME)";
				SWIFT_VERSION = 5.0;
				TARGETED_DEVICE_FAMILY = "1,2";
			};
			name = Release;
		};
/* End XCBuildConfiguration section */

/* Begin XCConfigurationList section */
		DB28A04C27362A4B00031F95 /* Build configuration list for PBXProject "UserTest" */ = {
			isa = XCConfigurationList;
			buildConfigurations = (
				DB28A06327362A4D00031F95 /* Debug */,
				DB28A06427362A4D00031F95 /* Release */,
			);
			defaultConfigurationIsVisible = 0;
			defaultConfigurationName = Release;
		};
		DB28A06527362A4D00031F95 /* Build configuration list for PBXNativeTarget "UserTest" */ = {
			isa = XCConfigurationList;
			buildConfigurations = (
				DB28A06627362A4D00031F95 /* Debug */,
				DB28A06727362A4D00031F95 /* Release */,
			);
			defaultConfigurationIsVisible = 0;
			defaultConfigurationName = Release;
		};
/* End XCConfigurationList section */
	};
	rootObject = DB28A04927362A4B00031F95 /* Project object */;
}
